{
  "name": "html-pages",
  "version": "0.0.1",
  "lockfileVersion": 2,
  "requires": true,
  "packages": {
    "": {
      "name": "html-pages",
      "version": "0.0.1",
      "license": "ISC",
      "dependencies": {
        "highlight.js": "^11.2.0",
        "remarkable": "^2.0.1"
      },
      "devDependencies": {
        "@tsconfig/node16": "^1.0.2",
        "@types/node": "^16.6.1",
        "@types/remarkable": "^2.0.3"
      }
    },
    "node_modules/@tsconfig/node16": {
      "version": "1.0.2",
      "resolved": "https://registry.npmjs.org/@tsconfig/node16/-/node16-1.0.2.tgz",
      "integrity": "sha512-eZxlbI8GZscaGS7kkc/trHTT5xgrjH3/1n2JDwusC9iahPKWMRvRjJSAN5mCXviuTGQ/lHnhvv8Q1YTpnfz9gA==",
      "dev": true
    },
    "node_modules/@types/highlight.js": {
      "version": "9.12.4",
      "resolved": "https://registry.npmjs.org/@types/highlight.js/-/highlight.js-9.12.4.tgz",
      "integrity": "sha512-t2szdkwmg2JJyuCM20e8kR2X59WCE5Zkl4bzm1u1Oukjm79zpbiAv+QjnwLnuuV0WHEcX2NgUItu0pAMKuOPww==",
      "dev": true
    },
    "node_modules/@types/node": {
      "version": "16.6.2",
      "resolved": "https://registry.npmjs.org/@types/node/-/node-16.6.2.tgz",
      "integrity": "sha512-LSw8TZt12ZudbpHc6EkIyDM3nHVWKYrAvGy6EAJfNfjusbwnThqjqxUKKRwuV3iWYeW/LYMzNgaq3MaLffQ2xA==",
      "dev": true
    },
    "node_modules/@types/remarkable": {
      "version": "2.0.3",
      "resolved": "https://registry.npmjs.org/@types/remarkable/-/remarkable-2.0.3.tgz",
      "integrity": "sha512-QQUBeYApuHCNl9Br6ZoI3PlKmwZ69JHrlJktJXnjxobia9liZgsI70fm8PnCqVFAcefYK+9PGzR5L/hzCslNYQ==",
      "dev": true,
      "dependencies": {
        "@types/highlight.js": "^9.7.0",
        "highlight.js": "^9.7.0"
      }
    },
    "node_modules/@types/remarkable/node_modules/highlight.js": {
      "version": "9.18.5",
      "resolved": "https://registry.npmjs.org/highlight.js/-/highlight.js-9.18.5.tgz",
      "integrity": "sha512-a5bFyofd/BHCX52/8i8uJkjr9DYwXIPnM/plwI6W7ezItLGqzt7X2G2nXuYSfsIJdkwwj/g9DG1LkcGJI/dDoA==",
      "deprecated": "Support has ended for 9.x series. Upgrade to @latest",
      "dev": true,
      "hasInstallScript": true,
      "engines": {
        "node": "*"
      }
    },
    "node_modules/argparse": {
      "version": "1.0.10",
      "resolved": "https://registry.npmjs.org/argparse/-/argparse-1.0.10.tgz",
      "integrity": "sha512-o5Roy6tNG4SL/FOkCAN6RzjiakZS25RLYFrcMttJqbdd8BWrnA+fGz57iN5Pb06pvBGvl5gQ0B48dJlslXvoTg==",
      "dependencies": {
        "sprintf-js": "~1.0.2"
      }
    },
    "node_modules/autolinker": {
      "version": "3.14.3",
      "resolved": "https://registry.npmjs.org/autolinker/-/autolinker-3.14.3.tgz",
      "integrity": "sha512-t81i2bCpS+s+5FIhatoww9DmpjhbdiimuU9ATEuLxtZMQ7jLv9fyFn7SWNG8IkEfD4AmYyirL1ss9k1aqVWRvg==",
      "dependencies": {
        "tslib": "^1.9.3"
      }
    },
    "node_modules/highlight.js": {
      "version": "11.2.0",
      "resolved": "https://registry.npmjs.org/highlight.js/-/highlight.js-11.2.0.tgz",
      "integrity": "sha512-JOySjtOEcyG8s4MLR2MNbLUyaXqUunmSnL2kdV/KuGJOmHZuAR5xC54Ko7goAXBWNhf09Vy3B+U7vR62UZ/0iw==",
      "engines": {
        "node": ">=12.0.0"
      }
    },
    "node_modules/remarkable": {
      "version": "2.0.1",
      "resolved": "https://registry.npmjs.org/remarkable/-/remarkable-2.0.1.tgz",
      "integrity": "sha512-YJyMcOH5lrR+kZdmB0aJJ4+93bEojRZ1HGDn9Eagu6ibg7aVZhc3OWbbShRid+Q5eAfsEqWxpe+g5W5nYNfNiA==",
      "dependencies": {
        "argparse": "^1.0.10",
        "autolinker": "^3.11.0"
      },
      "bin": {
        "remarkable": "bin/remarkable.js"
      },
      "engines": {
        "node": ">= 6.0.0"
      }
    },
    "node_modules/sprintf-js": {
      "version": "1.0.3",
      "resolved": "https://registry.npmjs.org/sprintf-js/-/sprintf-js-1.0.3.tgz",
      "integrity": "sha1-BOaSb2YolTVPPdAVIDYzuFcpfiw="
    },
    "node_modules/tslib": {
      "version": "1.14.1",
      "resolved": "https://registry.npmjs.org/tslib/-/tslib-1.14.1.tgz",
      "integrity": "sha512-Xni35NKzjgMrwevysHTCArtLDpPvye8zV/0E4EyYn43P7/7qvQwPh9BGkHewbMulVntbigmcT7rdX3BNo9wRJg=="
    }
  },
  "dependencies": {
    "@tsconfig/node16": {
      "version": "1.0.2",
      "resolved": "https://registry.npmjs.org/@tsconfig/node16/-/node16-1.0.2.tgz",
      "integrity": "sha512-eZxlbI8GZscaGS7kkc/trHTT5xgrjH3/1n2JDwusC9iahPKWMRvRjJSAN5mCXviuTGQ/lHnhvv8Q1YTpnfz9gA==",
      "dev": true
    },
    "@types/highlight.js": {
      "version": "9.12.4",
      "resolved": "https://registry.npmjs.org/@types/highlight.js/-/highlight.js-9.12.4.tgz",
      "integrity": "sha512-t2szdkwmg2JJyuCM20e8kR2X59WCE5Zkl4bzm1u1Oukjm79zpbiAv+QjnwLnuuV0WHEcX2NgUItu0pAMKuOPww==",
      "dev": true
    },
    "@types/node": {
      "version": "16.6.2",
      "resolved": "https://registry.npmjs.org/@types/node/-/node-16.6.2.tgz",
      "integrity": "sha512-LSw8TZt12ZudbpHc6EkIyDM3nHVWKYrAvGy6EAJfNfjusbwnThqjqxUKKRwuV3iWYeW/LYMzNgaq3MaLffQ2xA==",
      "dev": true
    },
    "@types/remarkable": {
      "version": "2.0.3",
      "resolved": "https://registry.npmjs.org/@types/remarkable/-/remarkable-2.0.3.tgz",
      "integrity": "sha512-QQUBeYApuHCNl9Br6ZoI3PlKmwZ69JHrlJktJXnjxobia9liZgsI70fm8PnCqVFAcefYK+9PGzR5L/hzCslNYQ==",
      "dev": true,
      "requires": {
        "@types/highlight.js": "^9.7.0",
        "highlight.js": "^9.7.0"
      },
      "dependencies": {
        "highlight.js": {
          "version": "9.18.5",
          "resolved": "https://registry.npmjs.org/highlight.js/-/highlight.js-9.18.5.tgz",
          "integrity": "sha512-a5bFyofd/BHCX52/8i8uJkjr9DYwXIPnM/plwI6W7ezItLGqzt7X2G2nXuYSfsIJdkwwj/g9DG1LkcGJI/dDoA==",
          "dev": true
        }
      }
    },
    "argparse": {
      "version": "1.0.10",
      "resolved": "https://registry.npmjs.org/argparse/-/argparse-1.0.10.tgz",
      "integrity": "sha512-o5Roy6tNG4SL/FOkCAN6RzjiakZS25RLYFrcMttJqbdd8BWrnA+fGz57iN5Pb06pvBGvl5gQ0B48dJlslXvoTg==",
      "requires": {
        "sprintf-js": "~1.0.2"
      }
    },
    "autolinker": {
      "version": "3.14.3",
      "resolved": "https://registry.npmjs.org/autolinker/-/autolinker-3.14.3.tgz",
      "integrity": "sha512-t81i2bCpS+s+5FIhatoww9DmpjhbdiimuU9ATEuLxtZMQ7jLv9fyFn7SWNG8IkEfD4AmYyirL1ss9k1aqVWRvg==",
      "requires": {
        "tslib": "^1.9.3"
      }
    },
    "highlight.js": {
      "version": "11.2.0",
      "resolved": "https://registry.npmjs.org/highlight.js/-/highlight.js-11.2.0.tgz",
      "integrity": "sha512-JOySjtOEcyG8s4MLR2MNbLUyaXqUunmSnL2kdV/KuGJOmHZuAR5xC54Ko7goAXBWNhf09Vy3B+U7vR62UZ/0iw=="
    },
    "remarkable": {
      "version": "2.0.1",
      "resolved": "https://registry.npmjs.org/remarkable/-/remarkable-2.0.1.tgz",
      "integrity": "sha512-YJyMcOH5lrR+kZdmB0aJJ4+93bEojRZ1HGDn9Eagu6ibg7aVZhc3OWbbShRid+Q5eAfsEqWxpe+g5W5nYNfNiA==",
      "requires": {
        "argparse": "^1.0.10",
        "autolinker": "^3.11.0"
      }
    },
    "sprintf-js": {
      "version": "1.0.3",
      "resolved": "https://registry.npmjs.org/sprintf-js/-/sprintf-js-1.0.3.tgz",
      "integrity": "sha1-BOaSb2YolTVPPdAVIDYzuFcpfiw="
    },
    "tslib": {
      "version": "1.14.1",
      "resolved": "https://registry.npmjs.org/tslib/-/tslib-1.14.1.tgz",
      "integrity": "sha512-Xni35NKzjgMrwevysHTCArtLDpPvye8zV/0E4EyYn43P7/7qvQwPh9BGkHewbMulVntbigmcT7rdX3BNo9wRJg=="
    }
  }
}
